
Microsoft Visual Studio Solution File, Format Version 12.00
# Visual Studio Version 17
VisualStudioVersion = 17.0.32014.148
MinimumVisualStudioVersion = 10.0.40219.1
Project("{FAE04EC0-301F-11D3-BF4B-00C04F79EFBC}") = "AsyncTest", "AsyncTest\AsyncTest.csproj", "{DB709687-1067-49CB-912B-B34795191A7C}"
EndProject
Global
	GlobalSection(SolutionConfigurationPlatforms) = preSolution
		Debug|Any CPU = Debug|Any CPU
		Release|Any CPU = Release|Any CPU
	EndGlobalSection
	GlobalSection(ProjectConfigurationPlatforms) = postSolution
		{DB709687-1067-49CB-912B-B34795191A7C}.Debug|Any CPU.ActiveCfg = Debug|Any CPU
		{DB709687-1067-49CB-912B-B34795191A7C}.Debug|Any CPU.Build.0 = Debug|Any CPU
		{DB709687-1067-49CB-912B-B34795191A7C}.Release|Any CPU.ActiveCfg = Release|Any CPU
		{DB709687-1067-49CB-912B-B34795191A7C}.Release|Any CPU.Build.0 = Release|Any CPU
	EndGlobalSection
	GlobalSection(SolutionProperties) = preSolution
		HideSolutionNode = FALSE
	EndGlobalSection
	GlobalSection(ExtensibilityGlobals) = postSolution
		SolutionGuid = {24718D3B-AAC7-4BA7-90A9-DC31DBCC8E4B}
	EndGlobalSection
EndGlobal
