
Microsoft Visual Studio Solution File, Format Version 12.00
# Visual Studio Version 16
VisualStudioVersion = 16.0.31025.194
MinimumVisualStudioVersion = 10.0.40219.1
Project("{9A19103F-16F7-4668-BE54-9A1E7A4F7556}") = "ExceptionsLecture", "ExceptionsLecture\ExceptionsLecture.csproj", "{2D07D12D-D9D6-4EEB-BEFA-F2ED035AE37C}"
EndProject
Project("{9A19103F-16F7-4668-BE54-9A1E7A4F7556}") = "TryCatch", "TryCatch\TryCatch.csproj", "{55DD31FD-A578-4602-B886-62B62354AEA7}"
EndProject
Project("{9A19103F-16F7-4668-BE54-9A1E7A4F7556}") = "InnerException", "InnerException\InnerException.csproj", "{338F489B-39BD-49EA-9493-1C9B4852B950}"
EndProject
Project("{FAE04EC0-301F-11D3-BF4B-00C04F79EFBC}") = "EndlessRecursion", "EndlessRecursion\EndlessRecursion.csproj", "{77012285-54D9-4C82-AEDC-F74D408FEBFC}"
EndProject
Project("{FAE04EC0-301F-11D3-BF4B-00C04F79EFBC}") = "ExceptionPractices", "ExceptionPractices\ExceptionPractices.csproj", "{87C031DF-9271-4EF1-969C-C45693A9CD91}"
EndProject
Project("{FAE04EC0-301F-11D3-BF4B-00C04F79EFBC}") = "Finally", "Finally\Finally.csproj", "{AC14617D-15F0-479C-801F-D64EC3FA325D}"
EndProject
Project("{FAE04EC0-301F-11D3-BF4B-00C04F79EFBC}") = "ThrowingExceptions", "ThrowingExceptions\ThrowingExceptions.csproj", "{F76D68A4-6355-40A6-B4FC-D1381A914404}"
EndProject
Project("{FAE04EC0-301F-11D3-BF4B-00C04F79EFBC}") = "Sqrt", "Sqrt\Sqrt.csproj", "{EFBE8640-1103-4F38-B5C9-69CF79732038}"
EndProject
Project("{FAE04EC0-301F-11D3-BF4B-00C04F79EFBC}") = "CustomExceptions", "CustomExceptions\CustomExceptions.csproj", "{8D818BD3-1F73-455F-8CA4-0A70C95BE167}"
EndProject
Global
	GlobalSection(SolutionConfigurationPlatforms) = preSolution
		Debug|Any CPU = Debug|Any CPU
		Release|Any CPU = Release|Any CPU
	EndGlobalSection
	GlobalSection(ProjectConfigurationPlatforms) = postSolution
		{2D07D12D-D9D6-4EEB-BEFA-F2ED035AE37C}.Debug|Any CPU.ActiveCfg = Debug|Any CPU
		{2D07D12D-D9D6-4EEB-BEFA-F2ED035AE37C}.Debug|Any CPU.Build.0 = Debug|Any CPU
		{2D07D12D-D9D6-4EEB-BEFA-F2ED035AE37C}.Release|Any CPU.ActiveCfg = Release|Any CPU
		{2D07D12D-D9D6-4EEB-BEFA-F2ED035AE37C}.Release|Any CPU.Build.0 = Release|Any CPU
		{55DD31FD-A578-4602-B886-62B62354AEA7}.Debug|Any CPU.ActiveCfg = Debug|Any CPU
		{55DD31FD-A578-4602-B886-62B62354AEA7}.Debug|Any CPU.Build.0 = Debug|Any CPU
		{55DD31FD-A578-4602-B886-62B62354AEA7}.Release|Any CPU.ActiveCfg = Release|Any CPU
		{55DD31FD-A578-4602-B886-62B62354AEA7}.Release|Any CPU.Build.0 = Release|Any CPU
		{338F489B-39BD-49EA-9493-1C9B4852B950}.Debug|Any CPU.ActiveCfg = Debug|Any CPU
		{338F489B-39BD-49EA-9493-1C9B4852B950}.Debug|Any CPU.Build.0 = Debug|Any CPU
		{338F489B-39BD-49EA-9493-1C9B4852B950}.Release|Any CPU.ActiveCfg = Release|Any CPU
		{338F489B-39BD-49EA-9493-1C9B4852B950}.Release|Any CPU.Build.0 = Release|Any CPU
		{77012285-54D9-4C82-AEDC-F74D408FEBFC}.Debug|Any CPU.ActiveCfg = Debug|Any CPU
		{77012285-54D9-4C82-AEDC-F74D408FEBFC}.Debug|Any CPU.Build.0 = Debug|Any CPU
		{77012285-54D9-4C82-AEDC-F74D408FEBFC}.Release|Any CPU.ActiveCfg = Release|Any CPU
		{77012285-54D9-4C82-AEDC-F74D408FEBFC}.Release|Any CPU.Build.0 = Release|Any CPU
		{87C031DF-9271-4EF1-969C-C45693A9CD91}.Debug|Any CPU.ActiveCfg = Debug|Any CPU
		{87C031DF-9271-4EF1-969C-C45693A9CD91}.Debug|Any CPU.Build.0 = Debug|Any CPU
		{87C031DF-9271-4EF1-969C-C45693A9CD91}.Release|Any CPU.ActiveCfg = Release|Any CPU
		{87C031DF-9271-4EF1-969C-C45693A9CD91}.Release|Any CPU.Build.0 = Release|Any CPU
		{AC14617D-15F0-479C-801F-D64EC3FA325D}.Debug|Any CPU.ActiveCfg = Debug|Any CPU
		{AC14617D-15F0-479C-801F-D64EC3FA325D}.Debug|Any CPU.Build.0 = Debug|Any CPU
		{AC14617D-15F0-479C-801F-D64EC3FA325D}.Release|Any CPU.ActiveCfg = Release|Any CPU
		{AC14617D-15F0-479C-801F-D64EC3FA325D}.Release|Any CPU.Build.0 = Release|Any CPU
		{F76D68A4-6355-40A6-B4FC-D1381A914404}.Debug|Any CPU.ActiveCfg = Debug|Any CPU
		{F76D68A4-6355-40A6-B4FC-D1381A914404}.Debug|Any CPU.Build.0 = Debug|Any CPU
		{F76D68A4-6355-40A6-B4FC-D1381A914404}.Release|Any CPU.ActiveCfg = Release|Any CPU
		{F76D68A4-6355-40A6-B4FC-D1381A914404}.Release|Any CPU.Build.0 = Release|Any CPU
		{EFBE8640-1103-4F38-B5C9-69CF79732038}.Debug|Any CPU.ActiveCfg = Debug|Any CPU
		{EFBE8640-1103-4F38-B5C9-69CF79732038}.Debug|Any CPU.Build.0 = Debug|Any CPU
		{EFBE8640-1103-4F38-B5C9-69CF79732038}.Release|Any CPU.ActiveCfg = Release|Any CPU
		{EFBE8640-1103-4F38-B5C9-69CF79732038}.Release|Any CPU.Build.0 = Release|Any CPU
		{8D818BD3-1F73-455F-8CA4-0A70C95BE167}.Debug|Any CPU.ActiveCfg = Debug|Any CPU
		{8D818BD3-1F73-455F-8CA4-0A70C95BE167}.Debug|Any CPU.Build.0 = Debug|Any CPU
		{8D818BD3-1F73-455F-8CA4-0A70C95BE167}.Release|Any CPU.ActiveCfg = Release|Any CPU
		{8D818BD3-1F73-455F-8CA4-0A70C95BE167}.Release|Any CPU.Build.0 = Release|Any CPU
	EndGlobalSection
	GlobalSection(SolutionProperties) = preSolution
		HideSolutionNode = FALSE
	EndGlobalSection
	GlobalSection(ExtensibilityGlobals) = postSolution
		SolutionGuid = {A226A004-F1BA-456D-B01E-09C8EA649648}
	EndGlobalSection
EndGlobal
