
Microsoft Visual Studio Solution File, Format Version 12.00
# Visual Studio Version 16
VisualStudioVersion = 16.0.30621.155
MinimumVisualStudioVersion = 10.0.40219.1
Project("{9A19103F-16F7-4668-BE54-9A1E7A4F7556}") = "DemoInheritance", "Demo\DemoInheritance.csproj", "{016DD788-EFA5-4D52-9F5F-7108645D36EA}"
EndProject
Project("{9A19103F-16F7-4668-BE54-9A1E7A4F7556}") = "CustomStack", "CustomStack\CustomStack.csproj", "{200DD730-D65D-4C80-AF68-CB9757AEB23F}"
EndProject
Project("{9A19103F-16F7-4668-BE54-9A1E7A4F7556}") = "Farm", "Farm\Farm.csproj", "{70C7AB0A-AA36-45F7-BBD5-98C24F33EA15}"
EndProject
Project("{9A19103F-16F7-4668-BE54-9A1E7A4F7556}") = "CustomRandomList", "CustomRandomList\CustomRandomList.csproj", "{B3F4AA65-F07B-4410-8560-1BA936F822F9}"
EndProject
Project("{9A19103F-16F7-4668-BE54-9A1E7A4F7556}") = "BallsGame", "InheritanceLecture\BallsGame.csproj", "{62A9E6ED-0394-4DB9-A72E-245F6E62754B}"
EndProject
Project("{9A19103F-16F7-4668-BE54-9A1E7A4F7556}") = "ConstructorInheritance", "ConstructorInheritance\ConstructorInheritance.csproj", "{56475157-82A8-4079-B5EF-D20161DA3615}"
EndProject
Project("{9A19103F-16F7-4668-BE54-9A1E7A4F7556}") = "HidingMethods", "HidingMethods\HidingMethods.csproj", "{B2C226F0-28D5-4D1E-943E-CFB0F643B92D}"
EndProject
Project("{9A19103F-16F7-4668-BE54-9A1E7A4F7556}") = "AccessModifiers", "AccessModifiers\AccessModifiers.csproj", "{65785CF4-7204-4DD5-BE24-9241E600DF3B}"
EndProject
Global
	GlobalSection(SolutionConfigurationPlatforms) = preSolution
		Debug|Any CPU = Debug|Any CPU
		Release|Any CPU = Release|Any CPU
	EndGlobalSection
	GlobalSection(ProjectConfigurationPlatforms) = postSolution
		{016DD788-EFA5-4D52-9F5F-7108645D36EA}.Debug|Any CPU.ActiveCfg = Debug|Any CPU
		{016DD788-EFA5-4D52-9F5F-7108645D36EA}.Debug|Any CPU.Build.0 = Debug|Any CPU
		{016DD788-EFA5-4D52-9F5F-7108645D36EA}.Release|Any CPU.ActiveCfg = Release|Any CPU
		{016DD788-EFA5-4D52-9F5F-7108645D36EA}.Release|Any CPU.Build.0 = Release|Any CPU
		{200DD730-D65D-4C80-AF68-CB9757AEB23F}.Debug|Any CPU.ActiveCfg = Debug|Any CPU
		{200DD730-D65D-4C80-AF68-CB9757AEB23F}.Debug|Any CPU.Build.0 = Debug|Any CPU
		{200DD730-D65D-4C80-AF68-CB9757AEB23F}.Release|Any CPU.ActiveCfg = Release|Any CPU
		{200DD730-D65D-4C80-AF68-CB9757AEB23F}.Release|Any CPU.Build.0 = Release|Any CPU
		{70C7AB0A-AA36-45F7-BBD5-98C24F33EA15}.Debug|Any CPU.ActiveCfg = Debug|Any CPU
		{70C7AB0A-AA36-45F7-BBD5-98C24F33EA15}.Debug|Any CPU.Build.0 = Debug|Any CPU
		{70C7AB0A-AA36-45F7-BBD5-98C24F33EA15}.Release|Any CPU.ActiveCfg = Release|Any CPU
		{70C7AB0A-AA36-45F7-BBD5-98C24F33EA15}.Release|Any CPU.Build.0 = Release|Any CPU
		{B3F4AA65-F07B-4410-8560-1BA936F822F9}.Debug|Any CPU.ActiveCfg = Debug|Any CPU
		{B3F4AA65-F07B-4410-8560-1BA936F822F9}.Debug|Any CPU.Build.0 = Debug|Any CPU
		{B3F4AA65-F07B-4410-8560-1BA936F822F9}.Release|Any CPU.ActiveCfg = Release|Any CPU
		{B3F4AA65-F07B-4410-8560-1BA936F822F9}.Release|Any CPU.Build.0 = Release|Any CPU
		{62A9E6ED-0394-4DB9-A72E-245F6E62754B}.Debug|Any CPU.ActiveCfg = Debug|Any CPU
		{62A9E6ED-0394-4DB9-A72E-245F6E62754B}.Debug|Any CPU.Build.0 = Debug|Any CPU
		{62A9E6ED-0394-4DB9-A72E-245F6E62754B}.Release|Any CPU.ActiveCfg = Release|Any CPU
		{62A9E6ED-0394-4DB9-A72E-245F6E62754B}.Release|Any CPU.Build.0 = Release|Any CPU
		{56475157-82A8-4079-B5EF-D20161DA3615}.Debug|Any CPU.ActiveCfg = Debug|Any CPU
		{56475157-82A8-4079-B5EF-D20161DA3615}.Debug|Any CPU.Build.0 = Debug|Any CPU
		{56475157-82A8-4079-B5EF-D20161DA3615}.Release|Any CPU.ActiveCfg = Release|Any CPU
		{56475157-82A8-4079-B5EF-D20161DA3615}.Release|Any CPU.Build.0 = Release|Any CPU
		{B2C226F0-28D5-4D1E-943E-CFB0F643B92D}.Debug|Any CPU.ActiveCfg = Debug|Any CPU
		{B2C226F0-28D5-4D1E-943E-CFB0F643B92D}.Debug|Any CPU.Build.0 = Debug|Any CPU
		{B2C226F0-28D5-4D1E-943E-CFB0F643B92D}.Release|Any CPU.ActiveCfg = Release|Any CPU
		{B2C226F0-28D5-4D1E-943E-CFB0F643B92D}.Release|Any CPU.Build.0 = Release|Any CPU
		{65785CF4-7204-4DD5-BE24-9241E600DF3B}.Debug|Any CPU.ActiveCfg = Debug|Any CPU
		{65785CF4-7204-4DD5-BE24-9241E600DF3B}.Debug|Any CPU.Build.0 = Debug|Any CPU
		{65785CF4-7204-4DD5-BE24-9241E600DF3B}.Release|Any CPU.ActiveCfg = Release|Any CPU
		{65785CF4-7204-4DD5-BE24-9241E600DF3B}.Release|Any CPU.Build.0 = Release|Any CPU
	EndGlobalSection
	GlobalSection(SolutionProperties) = preSolution
		HideSolutionNode = FALSE
	EndGlobalSection
	GlobalSection(ExtensibilityGlobals) = postSolution
		SolutionGuid = {DA5B4DFD-E685-4E33-BCF8-52B583A76821}
	EndGlobalSection
EndGlobal
