
Microsoft Visual Studio Solution File, Format Version 12.00
# Visual Studio Version 16
VisualStudioVersion = 16.0.30621.155
MinimumVisualStudioVersion = 10.0.40219.1
Project("{FAE04EC0-301F-11D3-BF4B-00C04F79EFBC}") = "01.ReverseString", "01.ReverseString\01.ReverseString.csproj", "{0F091C6B-D800-4837-BE51-ED27C3FAC3BB}"
EndProject
Project("{FAE04EC0-301F-11D3-BF4B-00C04F79EFBC}") = "02.RepeatString", "02.RepeatString\02.RepeatString.csproj", "{0BC5D88E-4828-404D-9054-19400AEE8FEB}"
EndProject
Project("{FAE04EC0-301F-11D3-BF4B-00C04F79EFBC}") = "03.Substring", "RemoveWord\03.Substring.csproj", "{CD34000D-6630-4036-A59D-9632F0A4DDA8}"
EndProject
Project("{FAE04EC0-301F-11D3-BF4B-00C04F79EFBC}") = "04.TextFilter", "04.TexFilter\04.TextFilter.csproj", "{72C683B4-7658-41C3-9282-C2032A440E8D}"
EndProject
Project("{FAE04EC0-301F-11D3-BF4B-00C04F79EFBC}") = "05.DigitLettersOthers", "05.DigitLettersOthers\05.DigitLettersOthers.csproj", "{17CE24E7-88C0-4966-AE67-6EA157D90E1D}"
EndProject
Global
	GlobalSection(SolutionConfigurationPlatforms) = preSolution
		Debug|Any CPU = Debug|Any CPU
		Release|Any CPU = Release|Any CPU
	EndGlobalSection
	GlobalSection(ProjectConfigurationPlatforms) = postSolution
		{0F091C6B-D800-4837-BE51-ED27C3FAC3BB}.Debug|Any CPU.ActiveCfg = Debug|Any CPU
		{0F091C6B-D800-4837-BE51-ED27C3FAC3BB}.Debug|Any CPU.Build.0 = Debug|Any CPU
		{0F091C6B-D800-4837-BE51-ED27C3FAC3BB}.Release|Any CPU.ActiveCfg = Release|Any CPU
		{0F091C6B-D800-4837-BE51-ED27C3FAC3BB}.Release|Any CPU.Build.0 = Release|Any CPU
		{0BC5D88E-4828-404D-9054-19400AEE8FEB}.Debug|Any CPU.ActiveCfg = Debug|Any CPU
		{0BC5D88E-4828-404D-9054-19400AEE8FEB}.Debug|Any CPU.Build.0 = Debug|Any CPU
		{0BC5D88E-4828-404D-9054-19400AEE8FEB}.Release|Any CPU.ActiveCfg = Release|Any CPU
		{0BC5D88E-4828-404D-9054-19400AEE8FEB}.Release|Any CPU.Build.0 = Release|Any CPU
		{CD34000D-6630-4036-A59D-9632F0A4DDA8}.Debug|Any CPU.ActiveCfg = Debug|Any CPU
		{CD34000D-6630-4036-A59D-9632F0A4DDA8}.Debug|Any CPU.Build.0 = Debug|Any CPU
		{CD34000D-6630-4036-A59D-9632F0A4DDA8}.Release|Any CPU.ActiveCfg = Release|Any CPU
		{CD34000D-6630-4036-A59D-9632F0A4DDA8}.Release|Any CPU.Build.0 = Release|Any CPU
		{72C683B4-7658-41C3-9282-C2032A440E8D}.Debug|Any CPU.ActiveCfg = Debug|Any CPU
		{72C683B4-7658-41C3-9282-C2032A440E8D}.Debug|Any CPU.Build.0 = Debug|Any CPU
		{72C683B4-7658-41C3-9282-C2032A440E8D}.Release|Any CPU.ActiveCfg = Release|Any CPU
		{72C683B4-7658-41C3-9282-C2032A440E8D}.Release|Any CPU.Build.0 = Release|Any CPU
		{17CE24E7-88C0-4966-AE67-6EA157D90E1D}.Debug|Any CPU.ActiveCfg = Debug|Any CPU
		{17CE24E7-88C0-4966-AE67-6EA157D90E1D}.Debug|Any CPU.Build.0 = Debug|Any CPU
		{17CE24E7-88C0-4966-AE67-6EA157D90E1D}.Release|Any CPU.ActiveCfg = Release|Any CPU
		{17CE24E7-88C0-4966-AE67-6EA157D90E1D}.Release|Any CPU.Build.0 = Release|Any CPU
	EndGlobalSection
	GlobalSection(SolutionProperties) = preSolution
		HideSolutionNode = FALSE
	EndGlobalSection
	GlobalSection(ExtensibilityGlobals) = postSolution
		SolutionGuid = {B11112D0-B7FE-4C11-A505-42F05DF213A7}
	EndGlobalSection
EndGlobal
