
Microsoft Visual Studio Solution File, Format Version 12.00
# Visual Studio Version 16
VisualStudioVersion = 16.0.30621.155
MinimumVisualStudioVersion = 10.0.40219.1
Project("{9A19103F-16F7-4668-BE54-9A1E7A4F7556}") = "EncapsulationDemo", "EncapsulationDemo\EncapsulationDemo.csproj", "{7F646368-B7F3-405A-BDE1-6BAD6D317DC7}"
EndProject
Project("{9A19103F-16F7-4668-BE54-9A1E7A4F7556}") = "PersonsInfo", "PersonsInfo\PersonsInfo.csproj", "{95859903-C242-4C3B-9DAF-48FF78EAD9DF}"
EndProject
Project("{FAE04EC0-301F-11D3-BF4B-00C04F79EFBC}") = "MutableObjects", "MutableObjects\MutableObjects.csproj", "{324E0C43-76F8-491E-B3E9-7C0C07AF114B}"
EndProject
Global
	GlobalSection(SolutionConfigurationPlatforms) = preSolution
		Debug|Any CPU = Debug|Any CPU
		Release|Any CPU = Release|Any CPU
	EndGlobalSection
	GlobalSection(ProjectConfigurationPlatforms) = postSolution
		{7F646368-B7F3-405A-BDE1-6BAD6D317DC7}.Debug|Any CPU.ActiveCfg = Debug|Any CPU
		{7F646368-B7F3-405A-BDE1-6BAD6D317DC7}.Debug|Any CPU.Build.0 = Debug|Any CPU
		{7F646368-B7F3-405A-BDE1-6BAD6D317DC7}.Release|Any CPU.ActiveCfg = Release|Any CPU
		{7F646368-B7F3-405A-BDE1-6BAD6D317DC7}.Release|Any CPU.Build.0 = Release|Any CPU
		{95859903-C242-4C3B-9DAF-48FF78EAD9DF}.Debug|Any CPU.ActiveCfg = Debug|Any CPU
		{95859903-C242-4C3B-9DAF-48FF78EAD9DF}.Debug|Any CPU.Build.0 = Debug|Any CPU
		{95859903-C242-4C3B-9DAF-48FF78EAD9DF}.Release|Any CPU.ActiveCfg = Release|Any CPU
		{95859903-C242-4C3B-9DAF-48FF78EAD9DF}.Release|Any CPU.Build.0 = Release|Any CPU
		{324E0C43-76F8-491E-B3E9-7C0C07AF114B}.Debug|Any CPU.ActiveCfg = Debug|Any CPU
		{324E0C43-76F8-491E-B3E9-7C0C07AF114B}.Debug|Any CPU.Build.0 = Debug|Any CPU
		{324E0C43-76F8-491E-B3E9-7C0C07AF114B}.Release|Any CPU.ActiveCfg = Release|Any CPU
		{324E0C43-76F8-491E-B3E9-7C0C07AF114B}.Release|Any CPU.Build.0 = Release|Any CPU
	EndGlobalSection
	GlobalSection(SolutionProperties) = preSolution
		HideSolutionNode = FALSE
	EndGlobalSection
	GlobalSection(ExtensibilityGlobals) = postSolution
		SolutionGuid = {E49A2491-6FCB-4E2C-8462-7D4AF5D4C4D4}
	EndGlobalSection
EndGlobal
