
Microsoft Visual Studio Solution File, Format Version 12.00
# Visual Studio Version 16
VisualStudioVersion = 16.0.30621.155
MinimumVisualStudioVersion = 10.0.40219.1
Project("{FAE04EC0-301F-11D3-BF4B-00C04F79EFBC}") = "01.PrototypePattern", "01.PrototypePattern\01.PrototypePattern.csproj", "{3070640F-B0B9-43C6-AB6E-A3736DFEF347}"
EndProject
Project("{FAE04EC0-301F-11D3-BF4B-00C04F79EFBC}") = "02.CompositePattern", "02.CompositePattern\02.CompositePattern.csproj", "{F9F37FBD-97D9-4FDD-A6F9-698CAE9E2B79}"
EndProject
Project("{FAE04EC0-301F-11D3-BF4B-00C04F79EFBC}") = "03.TemplatePattern", "03.TemplatePattern\03.TemplatePattern.csproj", "{2A2FF2F5-F8CB-4B7B-8DA3-8EBE0FE98A95}"
EndProject
Global
	GlobalSection(SolutionConfigurationPlatforms) = preSolution
		Debug|Any CPU = Debug|Any CPU
		Release|Any CPU = Release|Any CPU
	EndGlobalSection
	GlobalSection(ProjectConfigurationPlatforms) = postSolution
		{3070640F-B0B9-43C6-AB6E-A3736DFEF347}.Debug|Any CPU.ActiveCfg = Debug|Any CPU
		{3070640F-B0B9-43C6-AB6E-A3736DFEF347}.Debug|Any CPU.Build.0 = Debug|Any CPU
		{3070640F-B0B9-43C6-AB6E-A3736DFEF347}.Release|Any CPU.ActiveCfg = Release|Any CPU
		{3070640F-B0B9-43C6-AB6E-A3736DFEF347}.Release|Any CPU.Build.0 = Release|Any CPU
		{F9F37FBD-97D9-4FDD-A6F9-698CAE9E2B79}.Debug|Any CPU.ActiveCfg = Debug|Any CPU
		{F9F37FBD-97D9-4FDD-A6F9-698CAE9E2B79}.Debug|Any CPU.Build.0 = Debug|Any CPU
		{F9F37FBD-97D9-4FDD-A6F9-698CAE9E2B79}.Release|Any CPU.ActiveCfg = Release|Any CPU
		{F9F37FBD-97D9-4FDD-A6F9-698CAE9E2B79}.Release|Any CPU.Build.0 = Release|Any CPU
		{2A2FF2F5-F8CB-4B7B-8DA3-8EBE0FE98A95}.Debug|Any CPU.ActiveCfg = Debug|Any CPU
		{2A2FF2F5-F8CB-4B7B-8DA3-8EBE0FE98A95}.Debug|Any CPU.Build.0 = Debug|Any CPU
		{2A2FF2F5-F8CB-4B7B-8DA3-8EBE0FE98A95}.Release|Any CPU.ActiveCfg = Release|Any CPU
		{2A2FF2F5-F8CB-4B7B-8DA3-8EBE0FE98A95}.Release|Any CPU.Build.0 = Release|Any CPU
	EndGlobalSection
	GlobalSection(SolutionProperties) = preSolution
		HideSolutionNode = FALSE
	EndGlobalSection
	GlobalSection(ExtensibilityGlobals) = postSolution
		SolutionGuid = {D0E0F110-BF3C-4FEC-9C93-71BAE13B2268}
	EndGlobalSection
EndGlobal
