
Microsoft Visual Studio Solution File, Format Version 12.00
# Visual Studio Version 16
VisualStudioVersion = 16.0.30517.126
MinimumVisualStudioVersion = 10.0.40219.1
Project("{9A19103F-16F7-4668-BE54-9A1E7A4F7556}") = "01.EncryptSortAndPrintArray", "01.EncryptSortAndPrintArray\01.EncryptSortAndPrintArray.csproj", "{E8701891-65BC-4DFF-88A4-B42A75E7DFDB}"
EndProject
Project("{FAE04EC0-301F-11D3-BF4B-00C04F79EFBC}") = "02.PascalTriangle", "02.PascalTriangle\02.PascalTriangle.csproj", "{21BA2ECB-9DC1-4FED-984E-C5F9F1F674D4}"
EndProject
Project("{FAE04EC0-301F-11D3-BF4B-00C04F79EFBC}") = "03.RecursiveFibonacci", "03.RecursiveFibonacci\03.RecursiveFibonacci.csproj", "{DFCC369B-29AB-47CD-8E3A-69A7300F13E7}"
EndProject
Global
	GlobalSection(SolutionConfigurationPlatforms) = preSolution
		Debug|Any CPU = Debug|Any CPU
		Release|Any CPU = Release|Any CPU
	EndGlobalSection
	GlobalSection(ProjectConfigurationPlatforms) = postSolution
		{E8701891-65BC-4DFF-88A4-B42A75E7DFDB}.Debug|Any CPU.ActiveCfg = Debug|Any CPU
		{E8701891-65BC-4DFF-88A4-B42A75E7DFDB}.Debug|Any CPU.Build.0 = Debug|Any CPU
		{E8701891-65BC-4DFF-88A4-B42A75E7DFDB}.Release|Any CPU.ActiveCfg = Release|Any CPU
		{E8701891-65BC-4DFF-88A4-B42A75E7DFDB}.Release|Any CPU.Build.0 = Release|Any CPU
		{21BA2ECB-9DC1-4FED-984E-C5F9F1F674D4}.Debug|Any CPU.ActiveCfg = Debug|Any CPU
		{21BA2ECB-9DC1-4FED-984E-C5F9F1F674D4}.Debug|Any CPU.Build.0 = Debug|Any CPU
		{21BA2ECB-9DC1-4FED-984E-C5F9F1F674D4}.Release|Any CPU.ActiveCfg = Release|Any CPU
		{21BA2ECB-9DC1-4FED-984E-C5F9F1F674D4}.Release|Any CPU.Build.0 = Release|Any CPU
		{DFCC369B-29AB-47CD-8E3A-69A7300F13E7}.Debug|Any CPU.ActiveCfg = Debug|Any CPU
		{DFCC369B-29AB-47CD-8E3A-69A7300F13E7}.Debug|Any CPU.Build.0 = Debug|Any CPU
		{DFCC369B-29AB-47CD-8E3A-69A7300F13E7}.Release|Any CPU.ActiveCfg = Release|Any CPU
		{DFCC369B-29AB-47CD-8E3A-69A7300F13E7}.Release|Any CPU.Build.0 = Release|Any CPU
	EndGlobalSection
	GlobalSection(SolutionProperties) = preSolution
		HideSolutionNode = FALSE
	EndGlobalSection
	GlobalSection(ExtensibilityGlobals) = postSolution
		SolutionGuid = {0E1A1219-9AC6-4E01-86CC-6120130C289A}
	EndGlobalSection
EndGlobal
