
Microsoft Visual Studio Solution File, Format Version 12.00
# Visual Studio Version 16
VisualStudioVersion = 16.0.30621.155
MinimumVisualStudioVersion = 10.0.40219.1
Project("{FAE04EC0-301F-11D3-BF4B-00C04F79EFBC}") = "PolimorphismDemo", "PolimorphismDemo\PolimorphismDemo.csproj", "{7CE51839-804D-43B9-A079-9068130DC6A8}"
EndProject
Project("{FAE04EC0-301F-11D3-BF4B-00C04F79EFBC}") = "Operations", "Operations\Operations.csproj", "{C38A9CED-C58F-4D92-8857-E53C5BE64C8E}"
EndProject
Project("{FAE04EC0-301F-11D3-BF4B-00C04F79EFBC}") = "Animals", "Animals\Animals.csproj", "{D6E6A51B-D989-4FAD-991D-43D36CA68EE0}"
EndProject
Global
	GlobalSection(SolutionConfigurationPlatforms) = preSolution
		Debug|Any CPU = Debug|Any CPU
		Release|Any CPU = Release|Any CPU
	EndGlobalSection
	GlobalSection(ProjectConfigurationPlatforms) = postSolution
		{7CE51839-804D-43B9-A079-9068130DC6A8}.Debug|Any CPU.ActiveCfg = Debug|Any CPU
		{7CE51839-804D-43B9-A079-9068130DC6A8}.Debug|Any CPU.Build.0 = Debug|Any CPU
		{7CE51839-804D-43B9-A079-9068130DC6A8}.Release|Any CPU.ActiveCfg = Release|Any CPU
		{7CE51839-804D-43B9-A079-9068130DC6A8}.Release|Any CPU.Build.0 = Release|Any CPU
		{C38A9CED-C58F-4D92-8857-E53C5BE64C8E}.Debug|Any CPU.ActiveCfg = Debug|Any CPU
		{C38A9CED-C58F-4D92-8857-E53C5BE64C8E}.Debug|Any CPU.Build.0 = Debug|Any CPU
		{C38A9CED-C58F-4D92-8857-E53C5BE64C8E}.Release|Any CPU.ActiveCfg = Release|Any CPU
		{C38A9CED-C58F-4D92-8857-E53C5BE64C8E}.Release|Any CPU.Build.0 = Release|Any CPU
		{D6E6A51B-D989-4FAD-991D-43D36CA68EE0}.Debug|Any CPU.ActiveCfg = Debug|Any CPU
		{D6E6A51B-D989-4FAD-991D-43D36CA68EE0}.Debug|Any CPU.Build.0 = Debug|Any CPU
		{D6E6A51B-D989-4FAD-991D-43D36CA68EE0}.Release|Any CPU.ActiveCfg = Release|Any CPU
		{D6E6A51B-D989-4FAD-991D-43D36CA68EE0}.Release|Any CPU.Build.0 = Release|Any CPU
	EndGlobalSection
	GlobalSection(SolutionProperties) = preSolution
		HideSolutionNode = FALSE
	EndGlobalSection
	GlobalSection(ExtensibilityGlobals) = postSolution
		SolutionGuid = {363FC5CC-F7D8-4020-A37C-8E471F9E120D}
	EndGlobalSection
EndGlobal
